{
  "requires": true,
  "lockfileVersion": 1,
  "dependencies": {
    "@fingerprintjs/fingerprintjs-pro": {
      "version": "3.6.3",
      "resolved": "https://registry.npmjs.org/@fingerprintjs/fingerprintjs-pro/-/fingerprintjs-pro-3.6.3.tgz",
      "integrity": "sha512-mfWIG+dKjcNu2/ahOKUwV0KekDkmvcZ5MWwQOiic3QmTzAIqLacYtJfI6B8qKkj3AOsDxM3zNIHMsZXjMhb1XQ==",
      "requires": {
        "tslib": "^2.0.1"
      }
    },
    "tslib": {
      "version": "2.4.0",
      "resolved": "https://registry.npmjs.org/tslib/-/tslib-2.4.0.tgz",
      "integrity": "sha512-d6xOpEDfsi2CZVlPQzGeux8XMwLT9hssAsaPYExaQMuYskwb+x1x7J371tWlbBdWHroy99KnVB6qIkUbs5X3UQ=="
    }
  }
}
